
Microsoft Visual Studio Solution File, Format Version 12.00
# Visual Studio 15
Project("{FAE04EC0-301F-11D3-BF4B-00C04F79EFBC}") = "Assembly-CSharp", "Assembly-CSharp.csproj", "{B2C77A3C-97F8-4118-5193-14F9AB5AC41C}"
EndProject
Project("{FAE04EC0-301F-11D3-BF4B-00C04F79EFBC}") = "Assembly-CSharp-Editor", "Assembly-CSharp-Editor.csproj", "{B014ECC0-D3BD-4799-6185-619B0AD26A44}"
EndProject
Global
	GlobalSection(SolutionConfigurationPlatforms) = preSolution
		Debug|Any CPU = Debug|Any CPU
		Release|Any CPU = Release|Any CPU
	EndGlobalSection
	GlobalSection(ProjectConfigurationPlatforms) = postSolution
		{B2C77A3C-97F8-4118-5193-14F9AB5AC41C}.Debug|Any CPU.ActiveCfg = Debug|Any CPU
		{B2C77A3C-97F8-4118-5193-14F9AB5AC41C}.Debug|Any CPU.Build.0 = Debug|Any CPU
		{B2C77A3C-97F8-4118-5193-14F9AB5AC41C}.Release|Any CPU.ActiveCfg = Release|Any CPU
		{B2C77A3C-97F8-4118-5193-14F9AB5AC41C}.Release|Any CPU.Build.0 = Release|Any CPU
		{B014ECC0-D3BD-4799-6185-619B0AD26A44}.Debug|Any CPU.ActiveCfg = Debug|Any CPU
		{B014ECC0-D3BD-4799-6185-619B0AD26A44}.Debug|Any CPU.Build.0 = Debug|Any CPU
		{B014ECC0-D3BD-4799-6185-619B0AD26A44}.Release|Any CPU.ActiveCfg = Release|Any CPU
		{B014ECC0-D3BD-4799-6185-619B0AD26A44}.Release|Any CPU.Build.0 = Release|Any CPU
	EndGlobalSection
	GlobalSection(SolutionProperties) = preSolution
		HideSolutionNode = FALSE
	EndGlobalSection
EndGlobal
